// !$*UTF8*$!
{
	archiveVersion = 1;
	classes = {
	};
	objectVersion = 56;
	objects = {

/* Begin PBXBuildFile section */
		BC2F82652C886C6C002ACA9C /* AppDelegate.swift in Sources */ = {isa = PBXBuildFile; fileRef = BC2F82642C886C6C002ACA9C /* AppDelegate.swift */; };
		BC2F82672C886C6C002ACA9C /* SceneDelegate.swift in Sources */ = {isa = PBXBuildFile; fileRef = BC2F82662C886C6C002ACA9C /* SceneDelegate.swift */; };
		BC2F826E2C886C6C002ACA9C /* Assets.xcassets in Resources */ = {isa = PBXBuildFile; fileRef = BC2F826D2C886C6C002ACA9C /* Assets.xcassets */; };
		BC2F82712C886C6C002ACA9C /* LaunchScreen.storyboard in Resources */ = {isa = PBXBuildFile; fileRef = BC2F826F2C886C6C002ACA9C /* LaunchScreen.storyboard */; };
		BC2F827C2C886C6D002ACA9C /* MFG_ChatAppMVVMTests.swift in Sources */ = {isa = PBXBuildFile; fileRef = BC2F827B2C886C6D002ACA9C /* MFG_ChatAppMVVMTests.swift */; };
		BC2F82862C886C6D002ACA9C /* MFG_ChatAppMVVMUITests.swift in Sources */ = {isa = PBXBuildFile; fileRef = BC2F82852C886C6D002ACA9C /* MFG_ChatAppMVVMUITests.swift */; };
		BC2F82882C886C6D002ACA9C /* MFG_ChatAppMVVMUITestsLaunchTests.swift in Sources */ = {isa = PBXBuildFile; fileRef = BC2F82872C886C6D002ACA9C /* MFG_ChatAppMVVMUITestsLaunchTests.swift */; };
		BC2F82952C89B870002ACA9C /* MainTabBarController.swift in Sources */ = {isa = PBXBuildFile; fileRef = BC2F82942C89B870002ACA9C /* MainTabBarController.swift */; };
		BC2F82972C89B8F5002ACA9C /* MoreViewController.swift in Sources */ = {isa = PBXBuildFile; fileRef = BC2F82962C89B8F5002ACA9C /* MoreViewController.swift */; };
		BC2F82992C89B9A3002ACA9C /* LoginViewController.swift in Sources */ = {isa = PBXBuildFile; fileRef = BC2F82982C89B9A3002ACA9C /* LoginViewController.swift */; };
		BC2F82A22C89BD25002ACA9C /* Extension.swift in Sources */ = {isa = PBXBuildFile; fileRef = BC2F82A12C89BD25002ACA9C /* Extension.swift */; };
		BC2F82A42C89FC15002ACA9C /* AuthenticationInputView.swift in Sources */ = {isa = PBXBuildFile; fileRef = BC2F82A32C89FC15002ACA9C /* AuthenticationInputView.swift */; };
		BC2F82A62C89FF8C002ACA9C /* CustomTextField.swift in Sources */ = {isa = PBXBuildFile; fileRef = BC2F82A52C89FF8C002ACA9C /* CustomTextField.swift */; };
		BC2F82A82C8C898B002ACA9C /* LoginViewModel.swift in Sources */ = {isa = PBXBuildFile; fileRef = BC2F82A72C8C898B002ACA9C /* LoginViewModel.swift */; };
		BC2F82AA2C8C9C4C002ACA9C /* RegisterViewController.swift in Sources */ = {isa = PBXBuildFile; fileRef = BC2F82A92C8C9C4C002ACA9C /* RegisterViewController.swift */; };
		BC2F82AE2C8D7DCF002ACA9C /* RegisterViewModel.swift in Sources */ = {isa = PBXBuildFile; fileRef = BC2F82AD2C8D7DCF002ACA9C /* RegisterViewModel.swift */; };
		BC2F82B32C8DBF3A002ACA9C /* FirebaseAuth in Frameworks */ = {isa = PBXBuildFile; productRef = BC2F82B22C8DBF3A002ACA9C /* FirebaseAuth */; };
		BC2F82B52C8DBF3A002ACA9C /* FirebaseFirestore in Frameworks */ = {isa = PBXBuildFile; productRef = BC2F82B42C8DBF3A002ACA9C /* FirebaseFirestore */; };
		BC2F82B72C8DBF3A002ACA9C /* FirebaseStorage in Frameworks */ = {isa = PBXBuildFile; productRef = BC2F82B62C8DBF3A002ACA9C /* FirebaseStorage */; };
		BC2F82B92C8EDC96002ACA9C /* GoogleService-Info.plist in Resources */ = {isa = PBXBuildFile; fileRef = BC2F82B82C8EDC96002ACA9C /* GoogleService-Info.plist */; };
		BC2F82BB2C904B30002ACA9C /* AuthenticationService.swift in Sources */ = {isa = PBXBuildFile; fileRef = BC2F82BA2C904B30002ACA9C /* AuthenticationService.swift */; };
		BC2F82BD2C9050FD002ACA9C /* HomeViewController.swift in Sources */ = {isa = PBXBuildFile; fileRef = BC2F82BC2C9050FD002ACA9C /* HomeViewController.swift */; };
		BC2F82BF2C918C89002ACA9C /* SplashVC.swift in Sources */ = {isa = PBXBuildFile; fileRef = BC2F82BE2C918C89002ACA9C /* SplashVC.swift */; };
		BC2F82C22C92D556002ACA9C /* JGProgressHUD in Frameworks */ = {isa = PBXBuildFile; productRef = BC2F82C12C92D556002ACA9C /* JGProgressHUD */; };
		BC2F82C62C92F418002ACA9C /* UserCell.swift in Sources */ = {isa = PBXBuildFile; fileRef = BC2F82C52C92F418002ACA9C /* UserCell.swift */; };
		BC2F82C82C934A97002ACA9C /* User.swift in Sources */ = {isa = PBXBuildFile; fileRef = BC2F82C72C934A96002ACA9C /* User.swift */; };
		BC2F82CA2C934BCA002ACA9C /* Service.swift in Sources */ = {isa = PBXBuildFile; fileRef = BC2F82C92C934BCA002ACA9C /* Service.swift */; };
		BCE24D7F2CA96C320013EDCA /* SDWebImage in Frameworks */ = {isa = PBXBuildFile; productRef = BCE24D7E2CA96C320013EDCA /* SDWebImage */; };
		BCE24D832CA971590013EDCA /* ChatVC.swift in Sources */ = {isa = PBXBuildFile; fileRef = BCE24D822CA971590013EDCA /* ChatVC.swift */; };
		BCE24D852CA97BAB0013EDCA /* ChatInputView.swift in Sources */ = {isa = PBXBuildFile; fileRef = BCE24D842CA97BAB0013EDCA /* ChatInputView.swift */; };
		BCE24D892CAC186D0013EDCA /* MessageCell.swift in Sources */ = {isa = PBXBuildFile; fileRef = BCE24D882CAC186D0013EDCA /* MessageCell.swift */; };
		BCE24D8B2CAE8AA50013EDCA /* Message.swift in Sources */ = {isa = PBXBuildFile; fileRef = BCE24D8A2CAE8AA50013EDCA /* Message.swift */; };
/* End PBXBuildFile section */

/* Begin PBXContainerItemProxy section */
		BC2F82782C886C6D002ACA9C /* PBXContainerItemProxy */ = {
			isa = PBXContainerItemProxy;
			containerPortal = BC2F82592C886C6B002ACA9C /* Project object */;
			proxyType = 1;
			remoteGlobalIDString = BC2F82602C886C6B002ACA9C;
			remoteInfo = "MFG-ChatAppMVVM";
		};
		BC2F82822C886C6D002ACA9C /* PBXContainerItemProxy */ = {
			isa = PBXContainerItemProxy;
			containerPortal = BC2F82592C886C6B002ACA9C /* Project object */;
			proxyType = 1;
			remoteGlobalIDString = BC2F82602C886C6B002ACA9C;
			remoteInfo = "MFG-ChatAppMVVM";
		};
/* End PBXContainerItemProxy section */

/* Begin PBXFileReference section */
		BC2F82612C886C6C002ACA9C /* MFG-ChatAppMVVM.app */ = {isa = PBXFileReference; explicitFileType = wrapper.application; includeInIndex = 0; path = "MFG-ChatAppMVVM.app"; sourceTree = BUILT_PRODUCTS_DIR; };
		BC2F82642C886C6C002ACA9C /* AppDelegate.swift */ = {isa = PBXFileReference; lastKnownFileType = sourcecode.swift; path = AppDelegate.swift; sourceTree = "<group>"; };
		BC2F82662C886C6C002ACA9C /* SceneDelegate.swift */ = {isa = PBXFileReference; lastKnownFileType = sourcecode.swift; path = SceneDelegate.swift; sourceTree = "<group>"; };
		BC2F826D2C886C6C002ACA9C /* Assets.xcassets */ = {isa = PBXFileReference; lastKnownFileType = folder.assetcatalog; path = Assets.xcassets; sourceTree = "<group>"; };
		BC2F82702C886C6C002ACA9C /* Base */ = {isa = PBXFileReference; lastKnownFileType = file.storyboard; name = Base; path = Base.lproj/LaunchScreen.storyboard; sourceTree = "<group>"; };
		BC2F82722C886C6C002ACA9C /* Info.plist */ = {isa = PBXFileReference; lastKnownFileType = text.plist.xml; path = Info.plist; sourceTree = "<group>"; };
		BC2F82772C886C6D002ACA9C /* MFG-ChatAppMVVMTests.xctest */ = {isa = PBXFileReference; explicitFileType = wrapper.cfbundle; includeInIndex = 0; path = "MFG-ChatAppMVVMTests.xctest"; sourceTree = BUILT_PRODUCTS_DIR; };
		BC2F827B2C886C6D002ACA9C /* MFG_ChatAppMVVMTests.swift */ = {isa = PBXFileReference; lastKnownFileType = sourcecode.swift; path = MFG_ChatAppMVVMTests.swift; sourceTree = "<group>"; };
		BC2F82812C886C6D002ACA9C /* MFG-ChatAppMVVMUITests.xctest */ = {isa = PBXFileReference; explicitFileType = wrapper.cfbundle; includeInIndex = 0; path = "MFG-ChatAppMVVMUITests.xctest"; sourceTree = BUILT_PRODUCTS_DIR; };
		BC2F82852C886C6D002ACA9C /* MFG_ChatAppMVVMUITests.swift */ = {isa = PBXFileReference; lastKnownFileType = sourcecode.swift; path = MFG_ChatAppMVVMUITests.swift; sourceTree = "<group>"; };
		BC2F82872C886C6D002ACA9C /* MFG_ChatAppMVVMUITestsLaunchTests.swift */ = {isa = PBXFileReference; lastKnownFileType = sourcecode.swift; path = MFG_ChatAppMVVMUITestsLaunchTests.swift; sourceTree = "<group>"; };
		BC2F82942C89B870002ACA9C /* MainTabBarController.swift */ = {isa = PBXFileReference; lastKnownFileType = sourcecode.swift; path = MainTabBarController.swift; sourceTree = "<group>"; };
		BC2F82962C89B8F5002ACA9C /* MoreViewController.swift */ = {isa = PBXFileReference; lastKnownFileType = sourcecode.swift; path = MoreViewController.swift; sourceTree = "<group>"; };
		BC2F82982C89B9A3002ACA9C /* LoginViewController.swift */ = {isa = PBXFileReference; lastKnownFileType = sourcecode.swift; path = LoginViewController.swift; sourceTree = "<group>"; };
		BC2F82A12C89BD25002ACA9C /* Extension.swift */ = {isa = PBXFileReference; lastKnownFileType = sourcecode.swift; path = Extension.swift; sourceTree = "<group>"; };
		BC2F82A32C89FC15002ACA9C /* AuthenticationInputView.swift */ = {isa = PBXFileReference; lastKnownFileType = sourcecode.swift; path = AuthenticationInputView.swift; sourceTree = "<group>"; };
		BC2F82A52C89FF8C002ACA9C /* CustomTextField.swift */ = {isa = PBXFileReference; lastKnownFileType = sourcecode.swift; path = CustomTextField.swift; sourceTree = "<group>"; };
		BC2F82A72C8C898B002ACA9C /* LoginViewModel.swift */ = {isa = PBXFileReference; lastKnownFileType = sourcecode.swift; path = LoginViewModel.swift; sourceTree = "<group>"; };
		BC2F82A92C8C9C4C002ACA9C /* RegisterViewController.swift */ = {isa = PBXFileReference; lastKnownFileType = sourcecode.swift; path = RegisterViewController.swift; sourceTree = "<group>"; };
		BC2F82AD2C8D7DCF002ACA9C /* RegisterViewModel.swift */ = {isa = PBXFileReference; lastKnownFileType = sourcecode.swift; path = RegisterViewModel.swift; sourceTree = "<group>"; };
		BC2F82B82C8EDC96002ACA9C /* GoogleService-Info.plist */ = {isa = PBXFileReference; fileEncoding = 4; lastKnownFileType = text.plist.xml; path = "GoogleService-Info.plist"; sourceTree = "<group>"; };
		BC2F82BA2C904B30002ACA9C /* AuthenticationService.swift */ = {isa = PBXFileReference; lastKnownFileType = sourcecode.swift; path = AuthenticationService.swift; sourceTree = "<group>"; };
		BC2F82BC2C9050FD002ACA9C /* HomeViewController.swift */ = {isa = PBXFileReference; lastKnownFileType = sourcecode.swift; path = HomeViewController.swift; sourceTree = "<group>"; };
		BC2F82BE2C918C89002ACA9C /* SplashVC.swift */ = {isa = PBXFileReference; lastKnownFileType = sourcecode.swift; path = SplashVC.swift; sourceTree = "<group>"; };
		BC2F82C52C92F418002ACA9C /* UserCell.swift */ = {isa = PBXFileReference; lastKnownFileType = sourcecode.swift; path = UserCell.swift; sourceTree = "<group>"; };
		BC2F82C72C934A96002ACA9C /* User.swift */ = {isa = PBXFileReference; lastKnownFileType = sourcecode.swift; path = User.swift; sourceTree = "<group>"; };
		BC2F82C92C934BCA002ACA9C /* Service.swift */ = {isa = PBXFileReference; lastKnownFileType = sourcecode.swift; path = Service.swift; sourceTree = "<group>"; };
		BCE24D822CA971590013EDCA /* ChatVC.swift */ = {isa = PBXFileReference; lastKnownFileType = sourcecode.swift; path = ChatVC.swift; sourceTree = "<group>"; };
		BCE24D842CA97BAB0013EDCA /* ChatInputView.swift */ = {isa = PBXFileReference; lastKnownFileType = sourcecode.swift; path = ChatInputView.swift; sourceTree = "<group>"; };
		BCE24D882CAC186D0013EDCA /* MessageCell.swift */ = {isa = PBXFileReference; lastKnownFileType = sourcecode.swift; path = MessageCell.swift; sourceTree = "<group>"; };
		BCE24D8A2CAE8AA50013EDCA /* Message.swift */ = {isa = PBXFileReference; lastKnownFileType = sourcecode.swift; path = Message.swift; sourceTree = "<group>"; };
/* End PBXFileReference section */

/* Begin PBXFrameworksBuildPhase section */
		BC2F825E2C886C6B002ACA9C /* Frameworks */ = {
			isa = PBXFrameworksBuildPhase;
			buildActionMask = 2147483647;
			files = (
				BC2F82C22C92D556002ACA9C /* JGProgressHUD in Frameworks */,
				BC2F82B32C8DBF3A002ACA9C /* FirebaseAuth in Frameworks */,
				BC2F82B52C8DBF3A002ACA9C /* FirebaseFirestore in Frameworks */,
				BC2F82B72C8DBF3A002ACA9C /* FirebaseStorage in Frameworks */,
				BCE24D7F2CA96C320013EDCA /* SDWebImage in Frameworks */,
			);
			runOnlyForDeploymentPostprocessing = 0;
		};
		BC2F82742C886C6D002ACA9C /* Frameworks */ = {
			isa = PBXFrameworksBuildPhase;
			buildActionMask = 2147483647;
			files = (
			);
			runOnlyForDeploymentPostprocessing = 0;
		};
		BC2F827E2C886C6D002ACA9C /* Frameworks */ = {
			isa = PBXFrameworksBuildPhase;
			buildActionMask = 2147483647;
			files = (
			);
			runOnlyForDeploymentPostprocessing = 0;
		};
/* End PBXFrameworksBuildPhase section */

/* Begin PBXGroup section */
		BC2F82582C886C6B002ACA9C = {
			isa = PBXGroup;
			children = (
				BC2F82632C886C6C002ACA9C /* MFG-ChatAppMVVM */,
				BC2F827A2C886C6D002ACA9C /* MFG-ChatAppMVVMTests */,
				BC2F82842C886C6D002ACA9C /* MFG-ChatAppMVVMUITests */,
				BC2F82622C886C6C002ACA9C /* Products */,
			);
			sourceTree = "<group>";
		};
		BC2F82622C886C6C002ACA9C /* Products */ = {
			isa = PBXGroup;
			children = (
				BC2F82612C886C6C002ACA9C /* MFG-ChatAppMVVM.app */,
				BC2F82772C886C6D002ACA9C /* MFG-ChatAppMVVMTests.xctest */,
				BC2F82812C886C6D002ACA9C /* MFG-ChatAppMVVMUITests.xctest */,
			);
			name = Products;
			sourceTree = "<group>";
		};
		BC2F82632C886C6C002ACA9C /* MFG-ChatAppMVVM */ = {
			isa = PBXGroup;
			children = (
				BC2F82B82C8EDC96002ACA9C /* GoogleService-Info.plist */,
				BC2F82A02C89BAC8002ACA9C /* Helpers(Utilities) */,
				BC2F829F2C89BAAB002ACA9C /* Service */,
				BC2F829E2C89BAA2002ACA9C /* ViewModel */,
				BC2F829D2C89BA9B002ACA9C /* View */,
				BC2F829C2C89BA8E002ACA9C /* Model */,
				BC2F829B2C89BA80002ACA9C /* Controller */,
				BC2F829A2C89BA3B002ACA9C /* Files */,
				BC2F82722C886C6C002ACA9C /* Info.plist */,
			);
			path = "MFG-ChatAppMVVM";
			sourceTree = "<group>";
		};
		BC2F827A2C886C6D002ACA9C /* MFG-ChatAppMVVMTests */ = {
			isa = PBXGroup;
			children = (
				BC2F827B2C886C6D002ACA9C /* MFG_ChatAppMVVMTests.swift */,
			);
			path = "MFG-ChatAppMVVMTests";
			sourceTree = "<group>";
		};
		BC2F82842C886C6D002ACA9C /* MFG-ChatAppMVVMUITests */ = {
			isa = PBXGroup;
			children = (
				BC2F82852C886C6D002ACA9C /* MFG_ChatAppMVVMUITests.swift */,
				BC2F82872C886C6D002ACA9C /* MFG_ChatAppMVVMUITestsLaunchTests.swift */,
			);
			path = "MFG-ChatAppMVVMUITests";
			sourceTree = "<group>";
		};
		BC2F829A2C89BA3B002ACA9C /* Files */ = {
			isa = PBXGroup;
			children = (
				BC2F82642C886C6C002ACA9C /* AppDelegate.swift */,
				BC2F82662C886C6C002ACA9C /* SceneDelegate.swift */,
				BC2F826D2C886C6C002ACA9C /* Assets.xcassets */,
				BC2F826F2C886C6C002ACA9C /* LaunchScreen.storyboard */,
			);
			path = Files;
			sourceTree = "<group>";
		};
		BC2F829B2C89BA80002ACA9C /* Controller */ = {
			isa = PBXGroup;
			children = (
				BC2F82982C89B9A3002ACA9C /* LoginViewController.swift */,
				BC2F82A92C8C9C4C002ACA9C /* RegisterViewController.swift */,
				BC2F82942C89B870002ACA9C /* MainTabBarController.swift */,
				BC2F82BC2C9050FD002ACA9C /* HomeViewController.swift */,
				BC2F82962C89B8F5002ACA9C /* MoreViewController.swift */,
				BC2F82BE2C918C89002ACA9C /* SplashVC.swift */,
				BCE24D822CA971590013EDCA /* ChatVC.swift */,
			);
			path = Controller;
			sourceTree = "<group>";
		};
		BC2F829C2C89BA8E002ACA9C /* Model */ = {
			isa = PBXGroup;
			children = (
				BC2F82C72C934A96002ACA9C /* User.swift */,
				BCE24D8A2CAE8AA50013EDCA /* Message.swift */,
			);
			path = Model;
			sourceTree = "<group>";
		};
		BC2F829D2C89BA9B002ACA9C /* View */ = {
			isa = PBXGroup;
			children = (
				BC2F82A32C89FC15002ACA9C /* AuthenticationInputView.swift */,
				BC2F82A52C89FF8C002ACA9C /* CustomTextField.swift */,
				BC2F82C52C92F418002ACA9C /* UserCell.swift */,
				BCE24D842CA97BAB0013EDCA /* ChatInputView.swift */,
				BCE24D882CAC186D0013EDCA /* MessageCell.swift */,
			);
			path = View;
			sourceTree = "<group>";
		};
		BC2F829E2C89BAA2002ACA9C /* ViewModel */ = {
			isa = PBXGroup;
			children = (
				BC2F82A72C8C898B002ACA9C /* LoginViewModel.swift */,
				BC2F82AD2C8D7DCF002ACA9C /* RegisterViewModel.swift */,
			);
			path = ViewModel;
			sourceTree = "<group>";
		};
		BC2F829F2C89BAAB002ACA9C /* Service */ = {
			isa = PBXGroup;
			children = (
				BC2F82BA2C904B30002ACA9C /* AuthenticationService.swift */,
				BC2F82C92C934BCA002ACA9C /* Service.swift */,
			);
			path = Service;
			sourceTree = "<group>";
		};
		BC2F82A02C89BAC8002ACA9C /* Helpers(Utilities) */ = {
			isa = PBXGroup;
			children = (
				BC2F82A12C89BD25002ACA9C /* Extension.swift */,
			);
			path = "Helpers(Utilities)";
			sourceTree = "<group>";
		};
/* End PBXGroup section */

/* Begin PBXNativeTarget section */
		BC2F82602C886C6B002ACA9C /* MFG-ChatAppMVVM */ = {
			isa = PBXNativeTarget;
			buildConfigurationList = BC2F828B2C886C6D002ACA9C /* Build configuration list for PBXNativeTarget "MFG-ChatAppMVVM" */;
			buildPhases = (
				BC2F825D2C886C6B002ACA9C /* Sources */,
				BC2F825E2C886C6B002ACA9C /* Frameworks */,
				BC2F825F2C886C6B002ACA9C /* Resources */,
			);
			buildRules = (
			);
			dependencies = (
			);
			name = "MFG-ChatAppMVVM";
			packageProductDependencies = (
				BC2F82B22C8DBF3A002ACA9C /* FirebaseAuth */,
				BC2F82B42C8DBF3A002ACA9C /* FirebaseFirestore */,
				BC2F82B62C8DBF3A002ACA9C /* FirebaseStorage */,
				BC2F82C12C92D556002ACA9C /* JGProgressHUD */,
				BCE24D7E2CA96C320013EDCA /* SDWebImage */,
			);
			productName = "MFG-ChatAppMVVM";
			productReference = BC2F82612C886C6C002ACA9C /* MFG-ChatAppMVVM.app */;
			productType = "com.apple.product-type.application";
		};
		BC2F82762C886C6D002ACA9C /* MFG-ChatAppMVVMTests */ = {
			isa = PBXNativeTarget;
			buildConfigurationList = BC2F828E2C886C6D002ACA9C /* Build configuration list for PBXNativeTarget "MFG-ChatAppMVVMTests" */;
			buildPhases = (
				BC2F82732C886C6D002ACA9C /* Sources */,
				BC2F82742C886C6D002ACA9C /* Frameworks */,
				BC2F82752C886C6D002ACA9C /* Resources */,
			);
			buildRules = (
			);
			dependencies = (
				BC2F82792C886C6D002ACA9C /* PBXTargetDependency */,
			);
			name = "MFG-ChatAppMVVMTests";
			productName = "MFG-ChatAppMVVMTests";
			productReference = BC2F82772C886C6D002ACA9C /* MFG-ChatAppMVVMTests.xctest */;
			productType = "com.apple.product-type.bundle.unit-test";
		};
		BC2F82802C886C6D002ACA9C /* MFG-ChatAppMVVMUITests */ = {
			isa = PBXNativeTarget;
			buildConfigurationList = BC2F82912C886C6D002ACA9C /* Build configuration list for PBXNativeTarget "MFG-ChatAppMVVMUITests" */;
			buildPhases = (
				BC2F827D2C886C6D002ACA9C /* Sources */,
				BC2F827E2C886C6D002ACA9C /* Frameworks */,
				BC2F827F2C886C6D002ACA9C /* Resources */,
			);
			buildRules = (
			);
			dependencies = (
				BC2F82832C886C6D002ACA9C /* PBXTargetDependency */,
			);
			name = "MFG-ChatAppMVVMUITests";
			productName = "MFG-ChatAppMVVMUITests";
			productReference = BC2F82812C886C6D002ACA9C /* MFG-ChatAppMVVMUITests.xctest */;
			productType = "com.apple.product-type.bundle.ui-testing";
		};
/* End PBXNativeTarget section */

/* Begin PBXProject section */
		BC2F82592C886C6B002ACA9C /* Project object */ = {
			isa = PBXProject;
			attributes = {
				BuildIndependentTargetsInParallel = 1;
				LastSwiftUpdateCheck = 1520;
				LastUpgradeCheck = 1520;
				TargetAttributes = {
					BC2F82602C886C6B002ACA9C = {
						CreatedOnToolsVersion = 15.2;
					};
					BC2F82762C886C6D002ACA9C = {
						CreatedOnToolsVersion = 15.2;
						TestTargetID = BC2F82602C886C6B002ACA9C;
					};
					BC2F82802C886C6D002ACA9C = {
						CreatedOnToolsVersion = 15.2;
						TestTargetID = BC2F82602C886C6B002ACA9C;
					};
				};
			};
			buildConfigurationList = BC2F825C2C886C6B002ACA9C /* Build configuration list for PBXProject "MFG-ChatAppMVVM" */;
			compatibilityVersion = "Xcode 14.0";
			developmentRegion = en;
			hasScannedForEncodings = 0;
			knownRegions = (
				en,
				Base,
			);
			mainGroup = BC2F82582C886C6B002ACA9C;
			packageReferences = (
				BC2F82B12C8DBF3A002ACA9C /* XCRemoteSwiftPackageReference "firebase-ios-sdk" */,
				BC2F82C02C92D556002ACA9C /* XCRemoteSwiftPackageReference "JGProgressHUD" */,
				BCE24D7D2CA96C320013EDCA /* XCRemoteSwiftPackageReference "SDWebImage" */,
			);
			productRefGroup = BC2F82622C886C6C002ACA9C /* Products */;
			projectDirPath = "";
			projectRoot = "";
			targets = (
				BC2F82602C886C6B002ACA9C /* MFG-ChatAppMVVM */,
				BC2F82762C886C6D002ACA9C /* MFG-ChatAppMVVMTests */,
				BC2F82802C886C6D002ACA9C /* MFG-ChatAppMVVMUITests */,
			);
		};
/* End PBXProject section */

/* Begin PBXResourcesBuildPhase section */
		BC2F825F2C886C6B002ACA9C /* Resources */ = {
			isa = PBXResourcesBuildPhase;
			buildActionMask = 2147483647;
			files = (
				BC2F82712C886C6C002ACA9C /* LaunchScreen.storyboard in Resources */,
				BC2F826E2C886C6C002ACA9C /* Assets.xcassets in Resources */,
				BC2F82B92C8EDC96002ACA9C /* GoogleService-Info.plist in Resources */,
			);
			runOnlyForDeploymentPostprocessing = 0;
		};
		BC2F82752C886C6D002ACA9C /* Resources */ = {
			isa = PBXResourcesBuildPhase;
			buildActionMask = 2147483647;
			files = (
			);
			runOnlyForDeploymentPostprocessing = 0;
		};
		BC2F827F2C886C6D002ACA9C /* Resources */ = {
			isa = PBXResourcesBuildPhase;
			buildActionMask = 2147483647;
			files = (
			);
			runOnlyForDeploymentPostprocessing = 0;
		};
/* End PBXResourcesBuildPhase section */

/* Begin PBXSourcesBuildPhase section */
		BC2F825D2C886C6B002ACA9C /* Sources */ = {
			isa = PBXSourcesBuildPhase;
			buildActionMask = 2147483647;
			files = (
				BCE24D832CA971590013EDCA /* ChatVC.swift in Sources */,
				BCE24D892CAC186D0013EDCA /* MessageCell.swift in Sources */,
				BC2F82972C89B8F5002ACA9C /* MoreViewController.swift in Sources */,
				BC2F82AA2C8C9C4C002ACA9C /* RegisterViewController.swift in Sources */,
				BC2F82652C886C6C002ACA9C /* AppDelegate.swift in Sources */,
				BC2F82A42C89FC15002ACA9C /* AuthenticationInputView.swift in Sources */,
				BCE24D8B2CAE8AA50013EDCA /* Message.swift in Sources */,
				BC2F82C82C934A97002ACA9C /* User.swift in Sources */,
				BC2F82952C89B870002ACA9C /* MainTabBarController.swift in Sources */,
				BC2F82A62C89FF8C002ACA9C /* CustomTextField.swift in Sources */,
				BC2F82AE2C8D7DCF002ACA9C /* RegisterViewModel.swift in Sources */,
				BC2F82CA2C934BCA002ACA9C /* Service.swift in Sources */,
				BC2F82A22C89BD25002ACA9C /* Extension.swift in Sources */,
				BC2F82C62C92F418002ACA9C /* UserCell.swift in Sources */,
				BC2F82992C89B9A3002ACA9C /* LoginViewController.swift in Sources */,
				BC2F82672C886C6C002ACA9C /* SceneDelegate.swift in Sources */,
				BC2F82BB2C904B30002ACA9C /* AuthenticationService.swift in Sources */,
				BC2F82BD2C9050FD002ACA9C /* HomeViewController.swift in Sources */,
				BC2F82A82C8C898B002ACA9C /* LoginViewModel.swift in Sources */,
				BCE24D852CA97BAB0013EDCA /* ChatInputView.swift in Sources */,
				BC2F82BF2C918C89002ACA9C /* SplashVC.swift in Sources */,
			);
			runOnlyForDeploymentPostprocessing = 0;
		};
		BC2F82732C886C6D002ACA9C /* Sources */ = {
			isa = PBXSourcesBuildPhase;
			buildActionMask = 2147483647;
			files = (
				BC2F827C2C886C6D002ACA9C /* MFG_ChatAppMVVMTests.swift in Sources */,
			);
			runOnlyForDeploymentPostprocessing = 0;
		};
		BC2F827D2C886C6D002ACA9C /* Sources */ = {
			isa = PBXSourcesBuildPhase;
			buildActionMask = 2147483647;
			files = (
				BC2F82862C886C6D002ACA9C /* MFG_ChatAppMVVMUITests.swift in Sources */,
				BC2F82882C886C6D002ACA9C /* MFG_ChatAppMVVMUITestsLaunchTests.swift in Sources */,
			);
			runOnlyForDeploymentPostprocessing = 0;
		};
/* End PBXSourcesBuildPhase section */

/* Begin PBXTargetDependency section */
		BC2F82792C886C6D002ACA9C /* PBXTargetDependency */ = {
			isa = PBXTargetDependency;
			target = BC2F82602C886C6B002ACA9C /* MFG-ChatAppMVVM */;
			targetProxy = BC2F82782C886C6D002ACA9C /* PBXContainerItemProxy */;
		};
		BC2F82832C886C6D002ACA9C /* PBXTargetDependency */ = {
			isa = PBXTargetDependency;
			target = BC2F82602C886C6B002ACA9C /* MFG-ChatAppMVVM */;
			targetProxy = BC2F82822C886C6D002ACA9C /* PBXContainerItemProxy */;
		};
/* End PBXTargetDependency section */

/* Begin PBXVariantGroup section */
		BC2F826F2C886C6C002ACA9C /* LaunchScreen.storyboard */ = {
			isa = PBXVariantGroup;
			children = (
				BC2F82702C886C6C002ACA9C /* Base */,
			);
			name = LaunchScreen.storyboard;
			sourceTree = "<group>";
		};
/* End PBXVariantGroup section */

/* Begin XCBuildConfiguration section */
		BC2F82892C886C6D002ACA9C /* Debug */ = {
			isa = XCBuildConfiguration;
			buildSettings = {
				ALWAYS_SEARCH_USER_PATHS = NO;
				ASSETCATALOG_COMPILER_GENERATE_SWIFT_ASSET_SYMBOL_EXTENSIONS = YES;
				CLANG_ANALYZER_NONNULL = YES;
				CLANG_ANALYZER_NUMBER_OBJECT_CONVERSION = YES_AGGRESSIVE;
				CLANG_CXX_LANGUAGE_STANDARD = "gnu++20";
				CLANG_ENABLE_MODULES = YES;
				CLANG_ENABLE_OBJC_ARC = YES;
				CLANG_ENABLE_OBJC_WEAK = YES;
				CLANG_WARN_BLOCK_CAPTURE_AUTORELEASING = YES;
				CLANG_WARN_BOOL_CONVERSION = YES;
				CLANG_WARN_COMMA = YES;
				CLANG_WARN_CONSTANT_CONVERSION = YES;
				CLANG_WARN_DEPRECATED_OBJC_IMPLEMENTATIONS = YES;
				CLANG_WARN_DIRECT_OBJC_ISA_USAGE = YES_ERROR;
				CLANG_WARN_DOCUMENTATION_COMMENTS = YES;
				CLANG_WARN_EMPTY_BODY = YES;
				CLANG_WARN_ENUM_CONVERSION = YES;
				CLANG_WARN_INFINITE_RECURSION = YES;
				CLANG_WARN_INT_CONVERSION = YES;
				CLANG_WARN_NON_LITERAL_NULL_CONVERSION = YES;
				CLANG_WARN_OBJC_IMPLICIT_RETAIN_SELF = YES;
				CLANG_WARN_OBJC_LITERAL_CONVERSION = YES;
				CLANG_WARN_OBJC_ROOT_CLASS = YES_ERROR;
				CLANG_WARN_QUOTED_INCLUDE_IN_FRAMEWORK_HEADER = YES;
				CLANG_WARN_RANGE_LOOP_ANALYSIS = YES;
				CLANG_WARN_STRICT_PROTOTYPES = YES;
				CLANG_WARN_SUSPICIOUS_MOVE = YES;
				CLANG_WARN_UNGUARDED_AVAILABILITY = YES_AGGRESSIVE;
				CLANG_WARN_UNREACHABLE_CODE = YES;
				CLANG_WARN__DUPLICATE_METHOD_MATCH = YES;
				COPY_PHASE_STRIP = NO;
				DEBUG_INFORMATION_FORMAT = dwarf;
				ENABLE_STRICT_OBJC_MSGSEND = YES;
				ENABLE_TESTABILITY = YES;
				ENABLE_USER_SCRIPT_SANDBOXING = YES;
				GCC_C_LANGUAGE_STANDARD = gnu17;
				GCC_DYNAMIC_NO_PIC = NO;
				GCC_NO_COMMON_BLOCKS = YES;
				GCC_OPTIMIZATION_LEVEL = 0;
				GCC_PREPROCESSOR_DEFINITIONS = (
					"DEBUG=1",
					"$(inherited)",
				);
				GCC_WARN_64_TO_32_BIT_CONVERSION = YES;
				GCC_WARN_ABOUT_RETURN_TYPE = YES_ERROR;
				GCC_WARN_UNDECLARED_SELECTOR = YES;
				GCC_WARN_UNINITIALIZED_AUTOS = YES_AGGRESSIVE;
				GCC_WARN_UNUSED_FUNCTION = YES;
				GCC_WARN_UNUSED_VARIABLE = YES;
				IPHONEOS_DEPLOYMENT_TARGET = 17.2;
				LOCALIZATION_PREFERS_STRING_CATALOGS = YES;
				MTL_ENABLE_DEBUG_INFO = INCLUDE_SOURCE;
				MTL_FAST_MATH = YES;
				ONLY_ACTIVE_ARCH = YES;
				SDKROOT = iphoneos;
				SWIFT_ACTIVE_COMPILATION_CONDITIONS = "DEBUG $(inherited)";
				SWIFT_OPTIMIZATION_LEVEL = "-Onone";
			};
			name = Debug;
		};
		BC2F828A2C886C6D002ACA9C /* Release */ = {
			isa = XCBuildConfiguration;
			buildSettings = {
				ALWAYS_SEARCH_USER_PATHS = NO;
				ASSETCATALOG_COMPILER_GENERATE_SWIFT_ASSET_SYMBOL_EXTENSIONS = YES;
				CLANG_ANALYZER_NONNULL = YES;
				CLANG_ANALYZER_NUMBER_OBJECT_CONVERSION = YES_AGGRESSIVE;
				CLANG_CXX_LANGUAGE_STANDARD = "gnu++20";
				CLANG_ENABLE_MODULES = YES;
				CLANG_ENABLE_OBJC_ARC = YES;
				CLANG_ENABLE_OBJC_WEAK = YES;
				CLANG_WARN_BLOCK_CAPTURE_AUTORELEASING = YES;
				CLANG_WARN_BOOL_CONVERSION = YES;
				CLANG_WARN_COMMA = YES;
				CLANG_WARN_CONSTANT_CONVERSION = YES;
				CLANG_WARN_DEPRECATED_OBJC_IMPLEMENTATIONS = YES;
				CLANG_WARN_DIRECT_OBJC_ISA_USAGE = YES_ERROR;
				CLANG_WARN_DOCUMENTATION_COMMENTS = YES;
				CLANG_WARN_EMPTY_BODY = YES;
				CLANG_WARN_ENUM_CONVERSION = YES;
				CLANG_WARN_INFINITE_RECURSION = YES;
				CLANG_WARN_INT_CONVERSION = YES;
				CLANG_WARN_NON_LITERAL_NULL_CONVERSION = YES;
				CLANG_WARN_OBJC_IMPLICIT_RETAIN_SELF = YES;
				CLANG_WARN_OBJC_LITERAL_CONVERSION = YES;
				CLANG_WARN_OBJC_ROOT_CLASS = YES_ERROR;
				CLANG_WARN_QUOTED_INCLUDE_IN_FRAMEWORK_HEADER = YES;
				CLANG_WARN_RANGE_LOOP_ANALYSIS = YES;
				CLANG_WARN_STRICT_PROTOTYPES = YES;
				CLANG_WARN_SUSPICIOUS_MOVE = YES;
				CLANG_WARN_UNGUARDED_AVAILABILITY = YES_AGGRESSIVE;
				CLANG_WARN_UNREACHABLE_CODE = YES;
				CLANG_WARN__DUPLICATE_METHOD_MATCH = YES;
				COPY_PHASE_STRIP = NO;
				DEBUG_INFORMATION_FORMAT = "dwarf-with-dsym";
				ENABLE_NS_ASSERTIONS = NO;
				ENABLE_STRICT_OBJC_MSGSEND = YES;
				ENABLE_USER_SCRIPT_SANDBOXING = YES;
				GCC_C_LANGUAGE_STANDARD = gnu17;
				GCC_NO_COMMON_BLOCKS = YES;
				GCC_WARN_64_TO_32_BIT_CONVERSION = YES;
				GCC_WARN_ABOUT_RETURN_TYPE = YES_ERROR;
				GCC_WARN_UNDECLARED_SELECTOR = YES;
				GCC_WARN_UNINITIALIZED_AUTOS = YES_AGGRESSIVE;
				GCC_WARN_UNUSED_FUNCTION = YES;
				GCC_WARN_UNUSED_VARIABLE = YES;
				IPHONEOS_DEPLOYMENT_TARGET = 17.2;
				LOCALIZATION_PREFERS_STRING_CATALOGS = YES;
				MTL_ENABLE_DEBUG_INFO = NO;
				MTL_FAST_MATH = YES;
				SDKROOT = iphoneos;
				SWIFT_COMPILATION_MODE = wholemodule;
				VALIDATE_PRODUCT = YES;
			};
			name = Release;
		};
		BC2F828C2C886C6D002ACA9C /* Debug */ = {
			isa = XCBuildConfiguration;
			buildSettings = {
				ASSETCATALOG_COMPILER_APPICON_NAME = AppIcon;
				ASSETCATALOG_COMPILER_GLOBAL_ACCENT_COLOR_NAME = AccentColor;
				CODE_SIGN_STYLE = Automatic;
				CURRENT_PROJECT_VERSION = 1;
				DEVELOPMENT_TEAM = D98H3RQ83X;
				GENERATE_INFOPLIST_FILE = YES;
				INFOPLIST_FILE = "MFG-ChatAppMVVM/Info.plist";
				INFOPLIST_KEY_UIApplicationSupportsIndirectInputEvents = YES;
				INFOPLIST_KEY_UILaunchStoryboardName = LaunchScreen;
				INFOPLIST_KEY_UISupportedInterfaceOrientations_iPad = "UIInterfaceOrientationPortrait UIInterfaceOrientationPortraitUpsideDown UIInterfaceOrientationLandscapeLeft UIInterfaceOrientationLandscapeRight";
				INFOPLIST_KEY_UISupportedInterfaceOrientations_iPhone = "UIInterfaceOrientationPortrait UIInterfaceOrientationLandscapeLeft UIInterfaceOrientationLandscapeRight";
				LD_RUNPATH_SEARCH_PATHS = (
					"$(inherited)",
					"@executable_path/Frameworks",
				);
				MARKETING_VERSION = 1.0;
				PRODUCT_BUNDLE_IDENTIFIER = "com.mfg.MFG-ChatAppMVVM";
				PRODUCT_NAME = "$(TARGET_NAME)";
				SWIFT_EMIT_LOC_STRINGS = YES;
				SWIFT_VERSION = 5.0;
				TARGETED_DEVICE_FAMILY = "1,2";
			};
			name = Debug;
		};
		BC2F828D2C886C6D002ACA9C /* Release */ = {
			isa = XCBuildConfiguration;
			buildSettings = {
				ASSETCATALOG_COMPILER_APPICON_NAME = AppIcon;
				ASSETCATALOG_COMPILER_GLOBAL_ACCENT_COLOR_NAME = AccentColor;
				CODE_SIGN_STYLE = Automatic;
				CURRENT_PROJECT_VERSION = 1;
				DEVELOPMENT_TEAM = D98H3RQ83X;
				GENERATE_INFOPLIST_FILE = YES;
				INFOPLIST_FILE = "MFG-ChatAppMVVM/Info.plist";
				INFOPLIST_KEY_UIApplicationSupportsIndirectInputEvents = YES;
				INFOPLIST_KEY_UILaunchStoryboardName = LaunchScreen;
				INFOPLIST_KEY_UISupportedInterfaceOrientations_iPad = "UIInterfaceOrientationPortrait UIInterfaceOrientationPortraitUpsideDown UIInterfaceOrientationLandscapeLeft UIInterfaceOrientationLandscapeRight";
				INFOPLIST_KEY_UISupportedInterfaceOrientations_iPhone = "UIInterfaceOrientationPortrait UIInterfaceOrientationLandscapeLeft UIInterfaceOrientationLandscapeRight";
				LD_RUNPATH_SEARCH_PATHS = (
					"$(inherited)",
					"@executable_path/Frameworks",
				);
				MARKETING_VERSION = 1.0;
				PRODUCT_BUNDLE_IDENTIFIER = "com.mfg.MFG-ChatAppMVVM";
				PRODUCT_NAME = "$(TARGET_NAME)";
				SWIFT_EMIT_LOC_STRINGS = YES;
				SWIFT_VERSION = 5.0;
				TARGETED_DEVICE_FAMILY = "1,2";
			};
			name = Release;
		};
		BC2F828F2C886C6D002ACA9C /* Debug */ = {
			isa = XCBuildConfiguration;
			buildSettings = {
				ALWAYS_EMBED_SWIFT_STANDARD_LIBRARIES = YES;
				BUNDLE_LOADER = "$(TEST_HOST)";
				CODE_SIGN_STYLE = Automatic;
				CURRENT_PROJECT_VERSION = 1;
				DEVELOPMENT_TEAM = D98H3RQ83X;
				GENERATE_INFOPLIST_FILE = YES;
				IPHONEOS_DEPLOYMENT_TARGET = 17.2;
				MARKETING_VERSION = 1.0;
				PRODUCT_BUNDLE_IDENTIFIER = "com.mfg.MFG-ChatAppMVVMTests";
				PRODUCT_NAME = "$(TARGET_NAME)";
				SWIFT_EMIT_LOC_STRINGS = NO;
				SWIFT_VERSION = 5.0;
				TARGETED_DEVICE_FAMILY = "1,2";
				TEST_HOST = "$(BUILT_PRODUCTS_DIR)/MFG-ChatAppMVVM.app/$(BUNDLE_EXECUTABLE_FOLDER_PATH)/MFG-ChatAppMVVM";
			};
			name = Debug;
		};
		BC2F82902C886C6D002ACA9C /* Release */ = {
			isa = XCBuildConfiguration;
			buildSettings = {
				ALWAYS_EMBED_SWIFT_STANDARD_LIBRARIES = YES;
				BUNDLE_LOADER = "$(TEST_HOST)";
				CODE_SIGN_STYLE = Automatic;
				CURRENT_PROJECT_VERSION = 1;
				DEVELOPMENT_TEAM = D98H3RQ83X;
				GENERATE_INFOPLIST_FILE = YES;
				IPHONEOS_DEPLOYMENT_TARGET = 17.2;
				MARKETING_VERSION = 1.0;
				PRODUCT_BUNDLE_IDENTIFIER = "com.mfg.MFG-ChatAppMVVMTests";
				PRODUCT_NAME = "$(TARGET_NAME)";
				SWIFT_EMIT_LOC_STRINGS = NO;
				SWIFT_VERSION = 5.0;
				TARGETED_DEVICE_FAMILY = "1,2";
				TEST_HOST = "$(BUILT_PRODUCTS_DIR)/MFG-ChatAppMVVM.app/$(BUNDLE_EXECUTABLE_FOLDER_PATH)/MFG-ChatAppMVVM";
			};
			name = Release;
		};
		BC2F82922C886C6D002ACA9C /* Debug */ = {
			isa = XCBuildConfiguration;
			buildSettings = {
				ALWAYS_EMBED_SWIFT_STANDARD_LIBRARIES = YES;
				CODE_SIGN_STYLE = Automatic;
				CURRENT_PROJECT_VERSION = 1;
				DEVELOPMENT_TEAM = D98H3RQ83X;
				GENERATE_INFOPLIST_FILE = YES;
				MARKETING_VERSION = 1.0;
				PRODUCT_BUNDLE_IDENTIFIER = "com.mfg.MFG-ChatAppMVVMUITests";
				PRODUCT_NAME = "$(TARGET_NAME)";
				SWIFT_EMIT_LOC_STRINGS = NO;
				SWIFT_VERSION = 5.0;
				TARGETED_DEVICE_FAMILY = "1,2";
				TEST_TARGET_NAME = "MFG-ChatAppMVVM";
			};
			name = Debug;
		};
		BC2F82932C886C6D002ACA9C /* Release */ = {
			isa = XCBuildConfiguration;
			buildSettings = {
				ALWAYS_EMBED_SWIFT_STANDARD_LIBRARIES = YES;
				CODE_SIGN_STYLE = Automatic;
				CURRENT_PROJECT_VERSION = 1;
				DEVELOPMENT_TEAM = D98H3RQ83X;
				GENERATE_INFOPLIST_FILE = YES;
				MARKETING_VERSION = 1.0;
				PRODUCT_BUNDLE_IDENTIFIER = "com.mfg.MFG-ChatAppMVVMUITests";
				PRODUCT_NAME = "$(TARGET_NAME)";
				SWIFT_EMIT_LOC_STRINGS = NO;
				SWIFT_VERSION = 5.0;
				TARGETED_DEVICE_FAMILY = "1,2";
				TEST_TARGET_NAME = "MFG-ChatAppMVVM";
			};
			name = Release;
		};
/* End XCBuildConfiguration section */

/* Begin XCConfigurationList section */
		BC2F825C2C886C6B002ACA9C /* Build configuration list for PBXProject "MFG-ChatAppMVVM" */ = {
			isa = XCConfigurationList;
			buildConfigurations = (
				BC2F82892C886C6D002ACA9C /* Debug */,
				BC2F828A2C886C6D002ACA9C /* Release */,
			);
			defaultConfigurationIsVisible = 0;
			defaultConfigurationName = Release;
		};
		BC2F828B2C886C6D002ACA9C /* Build configuration list for PBXNativeTarget "MFG-ChatAppMVVM" */ = {
			isa = XCConfigurationList;
			buildConfigurations = (
				BC2F828C2C886C6D002ACA9C /* Debug */,
				BC2F828D2C886C6D002ACA9C /* Release */,
			);
			defaultConfigurationIsVisible = 0;
			defaultConfigurationName = Release;
		};
		BC2F828E2C886C6D002ACA9C /* Build configuration list for PBXNativeTarget "MFG-ChatAppMVVMTests" */ = {
			isa = XCConfigurationList;
			buildConfigurations = (
				BC2F828F2C886C6D002ACA9C /* Debug */,
				BC2F82902C886C6D002ACA9C /* Release */,
			);
			defaultConfigurationIsVisible = 0;
			defaultConfigurationName = Release;
		};
		BC2F82912C886C6D002ACA9C /* Build configuration list for PBXNativeTarget "MFG-ChatAppMVVMUITests" */ = {
			isa = XCConfigurationList;
			buildConfigurations = (
				BC2F82922C886C6D002ACA9C /* Debug */,
				BC2F82932C886C6D002ACA9C /* Release */,
			);
			defaultConfigurationIsVisible = 0;
			defaultConfigurationName = Release;
		};
/* End XCConfigurationList section */

/* Begin XCRemoteSwiftPackageReference section */
		BC2F82B12C8DBF3A002ACA9C /* XCRemoteSwiftPackageReference "firebase-ios-sdk" */ = {
			isa = XCRemoteSwiftPackageReference;
			repositoryURL = "https://github.com/firebase/firebase-ios-sdk";
			requirement = {
				kind = upToNextMajorVersion;
				minimumVersion = 11.1.0;
			};
		};
		BC2F82C02C92D556002ACA9C /* XCRemoteSwiftPackageReference "JGProgressHUD" */ = {
			isa = XCRemoteSwiftPackageReference;
			repositoryURL = "https://github.com/JonasGessner/JGProgressHUD";
			requirement = {
				kind = upToNextMajorVersion;
				minimumVersion = 2.2.0;
			};
		};
		BCE24D7D2CA96C320013EDCA /* XCRemoteSwiftPackageReference "SDWebImage" */ = {
			isa = XCRemoteSwiftPackageReference;
			repositoryURL = "https://github.com/SDWebImage/SDWebImage.git";
			requirement = {
				kind = upToNextMajorVersion;
				minimumVersion = 5.19.7;
			};
		};
/* End XCRemoteSwiftPackageReference section */

/* Begin XCSwiftPackageProductDependency section */
		BC2F82B22C8DBF3A002ACA9C /* FirebaseAuth */ = {
			isa = XCSwiftPackageProductDependency;
			package = BC2F82B12C8DBF3A002ACA9C /* XCRemoteSwiftPackageReference "firebase-ios-sdk" */;
			productName = FirebaseAuth;
		};
		BC2F82B42C8DBF3A002ACA9C /* FirebaseFirestore */ = {
			isa = XCSwiftPackageProductDependency;
			package = BC2F82B12C8DBF3A002ACA9C /* XCRemoteSwiftPackageReference "firebase-ios-sdk" */;
			productName = FirebaseFirestore;
		};
		BC2F82B62C8DBF3A002ACA9C /* FirebaseStorage */ = {
			isa = XCSwiftPackageProductDependency;
			package = BC2F82B12C8DBF3A002ACA9C /* XCRemoteSwiftPackageReference "firebase-ios-sdk" */;
			productName = FirebaseStorage;
		};
		BC2F82C12C92D556002ACA9C /* JGProgressHUD */ = {
			isa = XCSwiftPackageProductDependency;
			package = BC2F82C02C92D556002ACA9C /* XCRemoteSwiftPackageReference "JGProgressHUD" */;
			productName = JGProgressHUD;
		};
		BCE24D7E2CA96C320013EDCA /* SDWebImage */ = {
			isa = XCSwiftPackageProductDependency;
			package = BCE24D7D2CA96C320013EDCA /* XCRemoteSwiftPackageReference "SDWebImage" */;
			productName = SDWebImage;
		};
/* End XCSwiftPackageProductDependency section */
	};
	rootObject = BC2F82592C886C6B002ACA9C /* Project object */;
}
